
Microsoft Visual Studio Solution File, Format Version 12.00
# Visual Studio Version 17
VisualStudioVersion = 17.5.33414.496
MinimumVisualStudioVersion = 10.0.40219.1
Project("{FAE04EC0-301F-11D3-BF4B-00C04F79EFBC}") = "MethodIntroTask1", "MethodIntroTask1\MethodIntroTask1.csproj", "{7DB6ADCA-25FA-4E86-9288-064B56F5CD33}"
EndProject
Global
	GlobalSection(SolutionConfigurationPlatforms) = preSolution
		Debug|Any CPU = Debug|Any CPU
		Release|Any CPU = Release|Any CPU
	EndGlobalSection
	GlobalSection(ProjectConfigurationPlatforms) = postSolution
		{7DB6ADCA-25FA-4E86-9288-064B56F5CD33}.Debug|Any CPU.ActiveCfg = Debug|Any CPU
		{7DB6ADCA-25FA-4E86-9288-064B56F5CD33}.Debug|Any CPU.Build.0 = Debug|Any CPU
		{7DB6ADCA-25FA-4E86-9288-064B56F5CD33}.Release|Any CPU.ActiveCfg = Release|Any CPU
		{7DB6ADCA-25FA-4E86-9288-064B56F5CD33}.Release|Any CPU.Build.0 = Release|Any CPU
	EndGlobalSection
	GlobalSection(SolutionProperties) = preSolution
		HideSolutionNode = FALSE
	EndGlobalSection
	GlobalSection(ExtensibilityGlobals) = postSolution
		SolutionGuid = {F8315074-5444-4935-99AF-537C1DBD5219}
	EndGlobalSection
EndGlobal
